{
    "name": "html",
    "lockfileVersion": 3,
    "requires": true,
    "packages": {
        "": {
            "dependencies": {
                "@popperjs/core": "^2.11.8",
                "bootstrap": "^5.3.3"
            },
            "devDependencies": {
                "axios": "^1.7.4",
                "laravel-vite-plugin": "^1.0",
                "sass": "^1.77.8",
                "vite": "^5.4.2"
            }
        },
        "node_modules/@esbuild/linux-x64": {
            "version": "0.21.5",
            "cpu": [
                "x64"
            ],
            "dev": true,
            "license": "MIT",
            "optional": true,
            "os": [
                "linux"
            ],
            "engines": {
                "node": ">=12"
            }
        },
        "node_modules/@popperjs/core": {
            "version": "2.11.8",
            "resolved": "https://registry.npmjs.org/@popperjs/core/-/core-2.11.8.tgz",
            "integrity": "sha512-P1st0aksCrn9sGZhp8GMYwBnQsbvAWsZAX44oXNNvLHGqAOcoVxmjZiohstwQ7SqKnbR47akdNi+uleWD8+g6A==",
            "license": "MIT",
            "funding": {
                "type": "opencollective",
                "url": "https://opencollective.com/popperjs"
            }
        },
        "node_modules/@rollup/rollup-linux-x64-gnu": {
            "version": "4.21.0",
            "cpu": [
                "x64"
            ],
            "dev": true,
            "license": "MIT",
            "optional": true,
            "os": [
                "linux"
            ]
        },
        "node_modules/@rollup/rollup-linux-x64-musl": {
            "version": "4.21.0",
            "cpu": [
                "x64"
            ],
            "dev": true,
            "license": "MIT",
            "optional": true,
            "os": [
                "linux"
            ]
        },
        "node_modules/anymatch": {
            "version": "3.1.2",
            "dev": true,
            "license": "ISC",
            "dependencies": {
                "normalize-path": "^3.0.0",
                "picomatch": "^2.0.4"
            },
            "engines": {
                "node": ">= 8"
            }
        },
        "node_modules/asynckit": {
            "version": "0.4.0",
            "dev": true,
            "license": "MIT"
        },
        "node_modules/axios": {
            "version": "1.7.4",
            "resolved": "https://registry.npmjs.org/axios/-/axios-1.7.4.tgz",
            "integrity": "sha512-DukmaFRnY6AzAALSH4J2M3k6PkaC+MfaAGdEERRWcC9q3/TWQwLpHR8ZRLKTdQ3aBDL64EdluRDjJqKw+BPZEw==",
            "dev": true,
            "license": "MIT",
            "dependencies": {
                "follow-redirects": "^1.15.6",
                "form-data": "^4.0.0",
                "proxy-from-env": "^1.1.0"
            }
        },
        "node_modules/binary-extensions": {
            "version": "2.2.0",
            "dev": true,
            "license": "MIT",
            "engines": {
                "node": ">=8"
            }
        },
        "node_modules/bootstrap": {
            "version": "5.3.3",
            "resolved": "https://registry.npmjs.org/bootstrap/-/bootstrap-5.3.3.tgz",
            "integrity": "sha512-8HLCdWgyoMguSO9o+aH+iuZ+aht+mzW0u3HIMzVu7Srrpv7EBBxTnrFlSCskwdY1+EOFQSm7uMJhNQHkdPcmjg==",
            "funding": [
                {
                    "type": "github",
                    "url": "https://github.com/sponsors/twbs"
                },
                {
                    "type": "opencollective",
                    "url": "https://opencollective.com/bootstrap"
                }
            ],
            "license": "MIT",
            "peerDependencies": {
                "@popperjs/core": "^2.11.8"
            }
        },
        "node_modules/braces": {
            "version": "3.0.3",
            "dev": true,
            "license": "MIT",
            "dependencies": {
                "fill-range": "^7.1.1"
            },
            "engines": {
                "node": ">=8"
            }
        },
        "node_modules/braces/node_modules/fill-range": {
            "version": "7.1.1",
            "dev": true,
            "license": "MIT",
            "dependencies": {
                "to-regex-range": "^5.0.1"
            },
            "engines": {
                "node": ">=8"
            }
        },
        "node_modules/chokidar": {
            "version": "3.5.3",
            "dev": true,
            "funding": [
                {
                    "type": "individual",
                    "url": "https://paulmillr.com/funding/"
                }
            ],
            "license": "MIT",
            "dependencies": {
                "anymatch": "~3.1.2",
                "braces": "~3.0.2",
                "glob-parent": "~5.1.2",
                "is-binary-path": "~2.1.0",
                "is-glob": "~4.0.1",
                "normalize-path": "~3.0.0",
                "readdirp": "~3.6.0"
            },
            "engines": {
                "node": ">= 8.10.0"
            },
            "optionalDependencies": {
                "fsevents": "~2.3.2"
            }
        },
        "node_modules/combined-stream": {
            "version": "1.0.8",
            "dev": true,
            "license": "MIT",
            "dependencies": {
                "delayed-stream": "~1.0.0"
            },
            "engines": {
                "node": ">= 0.8"
            }
        },
        "node_modules/delayed-stream": {
            "version": "1.0.0",
            "dev": true,
            "license": "MIT",
            "engines": {
                "node": ">=0.4.0"
            }
        },
        "node_modules/esbuild": {
            "version": "0.21.5",
            "dev": true,
            "hasInstallScript": true,
            "license": "MIT",
            "bin": {
                "esbuild": "bin/esbuild"
            },
            "engines": {
                "node": ">=12"
            },
            "optionalDependencies": {
                "@esbuild/aix-ppc64": "0.21.5",
                "@esbuild/android-arm": "0.21.5",
                "@esbuild/android-arm64": "0.21.5",
                "@esbuild/android-x64": "0.21.5",
                "@esbuild/darwin-arm64": "0.21.5",
                "@esbuild/darwin-x64": "0.21.5",
                "@esbuild/freebsd-arm64": "0.21.5",
                "@esbuild/freebsd-x64": "0.21.5",
                "@esbuild/linux-arm": "0.21.5",
                "@esbuild/linux-arm64": "0.21.5",
                "@esbuild/linux-ia32": "0.21.5",
                "@esbuild/linux-loong64": "0.21.5",
                "@esbuild/linux-mips64el": "0.21.5",
                "@esbuild/linux-ppc64": "0.21.5",
                "@esbuild/linux-riscv64": "0.21.5",
                "@esbuild/linux-s390x": "0.21.5",
                "@esbuild/linux-x64": "0.21.5",
                "@esbuild/netbsd-x64": "0.21.5",
                "@esbuild/openbsd-x64": "0.21.5",
                "@esbuild/sunos-x64": "0.21.5",
                "@esbuild/win32-arm64": "0.21.5",
                "@esbuild/win32-ia32": "0.21.5",
                "@esbuild/win32-x64": "0.21.5"
            }
        },
        "node_modules/follow-redirects": {
            "version": "1.15.6",
            "dev": true,
            "funding": [
                {
                    "type": "individual",
                    "url": "https://github.com/sponsors/RubenVerborgh"
                }
            ],
            "license": "MIT",
            "engines": {
                "node": ">=4.0"
            },
            "peerDependenciesMeta": {
                "debug": {
                    "optional": true
                }
            }
        },
        "node_modules/form-data": {
            "version": "4.0.0",
            "dev": true,
            "license": "MIT",
            "dependencies": {
                "asynckit": "^0.4.0",
                "combined-stream": "^1.0.8",
                "mime-types": "^2.1.12"
            },
            "engines": {
                "node": ">= 6"
            }
        },
        "node_modules/fsevents": {
            "version": "2.3.3",
            "resolved": "https://registry.npmjs.org/fsevents/-/fsevents-2.3.3.tgz",
            "integrity": "sha512-5xoDfX+fL7faATnagmWPpbFtwh/R77WmMMqqHGS65C3vvB0YHrgF+B1YmZ3441tMj5n63k0212XNoJwzlhffQw==",
            "dev": true,
            "hasInstallScript": true,
            "license": "MIT",
            "optional": true,
            "os": [
                "darwin"
            ],
            "engines": {
                "node": "^8.16.0 || ^10.6.0 || >=11.0.0"
            }
        },
        "node_modules/glob-parent": {
            "version": "5.1.2",
            "dev": true,
            "license": "ISC",
            "dependencies": {
                "is-glob": "^4.0.1"
            },
            "engines": {
                "node": ">= 6"
            }
        },
        "node_modules/immutable": {
            "version": "4.3.7",
            "dev": true,
            "license": "MIT"
        },
        "node_modules/is-binary-path": {
            "version": "2.1.0",
            "dev": true,
            "license": "MIT",
            "dependencies": {
                "binary-extensions": "^2.0.0"
            },
            "engines": {
                "node": ">=8"
            }
        },
        "node_modules/is-extglob": {
            "version": "2.1.1",
            "dev": true,
            "license": "MIT",
            "engines": {
                "node": ">=0.10.0"
            }
        },
        "node_modules/is-glob": {
            "version": "4.0.3",
            "dev": true,
            "license": "MIT",
            "dependencies": {
                "is-extglob": "^2.1.1"
            },
            "engines": {
                "node": ">=0.10.0"
            }
        },
        "node_modules/is-number": {
            "version": "7.0.0",
            "dev": true,
            "license": "MIT",
            "engines": {
                "node": ">=0.12.0"
            }
        },
        "node_modules/laravel-vite-plugin": {
            "version": "1.0.5",
            "dev": true,
            "license": "MIT",
            "dependencies": {
                "picocolors": "^1.0.0",
                "vite-plugin-full-reload": "^1.1.0"
            },
            "bin": {
                "clean-orphaned-assets": "bin/clean.js"
            },
            "engines": {
                "node": "^18.0.0 || >=20.0.0"
            },
            "peerDependencies": {
                "vite": "^5.0.0"
            }
        },
        "node_modules/mime-db": {
            "version": "1.50.0",
            "dev": true,
            "license": "MIT",
            "engines": {
                "node": ">= 0.6"
            }
        },
        "node_modules/mime-types": {
            "version": "2.1.33",
            "dev": true,
            "license": "MIT",
            "dependencies": {
                "mime-db": "1.50.0"
            },
            "engines": {
                "node": ">= 0.6"
            }
        },
        "node_modules/normalize-path": {
            "version": "3.0.0",
            "dev": true,
            "license": "MIT",
            "engines": {
                "node": ">=0.10.0"
            }
        },
        "node_modules/picocolors": {
            "version": "1.0.0",
            "dev": true,
            "license": "ISC"
        },
        "node_modules/picomatch": {
            "version": "2.3.0",
            "dev": true,
            "license": "MIT",
            "engines": {
                "node": ">=8.6"
            },
            "funding": {
                "url": "https://github.com/sponsors/jonschlinkert"
            }
        },
        "node_modules/postcss": {
            "version": "8.4.41",
            "dev": true,
            "funding": [
                {
                    "type": "opencollective",
                    "url": "https://opencollective.com/postcss/"
                },
                {
                    "type": "tidelift",
                    "url": "https://tidelift.com/funding/github/npm/postcss"
                },
                {
                    "type": "github",
                    "url": "https://github.com/sponsors/ai"
                }
            ],
            "license": "MIT",
            "dependencies": {
                "nanoid": "^3.3.7",
                "picocolors": "^1.0.1",
                "source-map-js": "^1.2.0"
            },
            "engines": {
                "node": "^10 || ^12 || >=14"
            }
        },
        "node_modules/postcss/node_modules/nanoid": {
            "version": "3.3.7",
            "dev": true,
            "funding": [
                {
                    "type": "github",
                    "url": "https://github.com/sponsors/ai"
                }
            ],
            "license": "MIT",
            "bin": {
                "nanoid": "bin/nanoid.cjs"
            },
            "engines": {
                "node": "^10 || ^12 || ^13.7 || ^14 || >=15.0.1"
            }
        },
        "node_modules/postcss/node_modules/picocolors": {
            "version": "1.0.1",
            "dev": true,
            "license": "ISC"
        },
        "node_modules/postcss/node_modules/source-map-js": {
            "version": "1.2.0",
            "dev": true,
            "license": "BSD-3-Clause",
            "engines": {
                "node": ">=0.10.0"
            }
        },
        "node_modules/proxy-from-env": {
            "version": "1.1.0",
            "resolved": "https://registry.npmjs.org/proxy-from-env/-/proxy-from-env-1.1.0.tgz",
            "integrity": "sha512-D+zkORCbA9f1tdWRK0RaCR3GPv50cMxcrz4X8k5LTSUD1Dkw47mKJEZQNunItRTkWwgtaUSo1RVFRIG9ZXiFYg==",
            "dev": true,
            "license": "MIT"
        },
        "node_modules/readdirp": {
            "version": "3.6.0",
            "dev": true,
            "license": "MIT",
            "dependencies": {
                "picomatch": "^2.2.1"
            },
            "engines": {
                "node": ">=8.10.0"
            }
        },
        "node_modules/rollup": {
            "version": "4.21.0",
            "dev": true,
            "license": "MIT",
            "dependencies": {
                "@types/estree": "1.0.5"
            },
            "bin": {
                "rollup": "dist/bin/rollup"
            },
            "engines": {
                "node": ">=18.0.0",
                "npm": ">=8.0.0"
            },
            "optionalDependencies": {
                "@rollup/rollup-android-arm-eabi": "4.21.0",
                "@rollup/rollup-android-arm64": "4.21.0",
                "@rollup/rollup-darwin-arm64": "4.21.0",
                "@rollup/rollup-darwin-x64": "4.21.0",
                "@rollup/rollup-linux-arm-gnueabihf": "4.21.0",
                "@rollup/rollup-linux-arm-musleabihf": "4.21.0",
                "@rollup/rollup-linux-arm64-gnu": "4.21.0",
                "@rollup/rollup-linux-arm64-musl": "4.21.0",
                "@rollup/rollup-linux-powerpc64le-gnu": "4.21.0",
                "@rollup/rollup-linux-riscv64-gnu": "4.21.0",
                "@rollup/rollup-linux-s390x-gnu": "4.21.0",
                "@rollup/rollup-linux-x64-gnu": "4.21.0",
                "@rollup/rollup-linux-x64-musl": "4.21.0",
                "@rollup/rollup-win32-arm64-msvc": "4.21.0",
                "@rollup/rollup-win32-ia32-msvc": "4.21.0",
                "@rollup/rollup-win32-x64-msvc": "4.21.0",
                "fsevents": "~2.3.2"
            }
        },
        "node_modules/rollup/node_modules/@types/estree": {
            "version": "1.0.5",
            "dev": true,
            "license": "MIT"
        },
        "node_modules/sass": {
            "version": "1.77.8",
            "resolved": "https://registry.npmjs.org/sass/-/sass-1.77.8.tgz",
            "integrity": "sha512-4UHg6prsrycW20fqLGPShtEvo/WyHRVRHwOP4DzkUrObWoWI05QBSfzU71TVB7PFaL104TwNaHpjlWXAZbQiNQ==",
            "dev": true,
            "license": "MIT",
            "dependencies": {
                "chokidar": ">=3.0.0 <4.0.0",
                "immutable": "^4.0.0",
                "source-map-js": ">=0.6.2 <2.0.0"
            },
            "bin": {
                "sass": "sass.js"
            },
            "engines": {
                "node": ">=14.0.0"
            }
        },
        "node_modules/source-map-js": {
            "version": "1.2.0",
            "dev": true,
            "license": "BSD-3-Clause",
            "engines": {
                "node": ">=0.10.0"
            }
        },
        "node_modules/to-regex-range": {
            "version": "5.0.1",
            "dev": true,
            "license": "MIT",
            "dependencies": {
                "is-number": "^7.0.0"
            },
            "engines": {
                "node": ">=8.0"
            }
        },
        "node_modules/vite": {
            "version": "5.4.2",
            "resolved": "https://registry.npmjs.org/vite/-/vite-5.4.2.tgz",
            "integrity": "sha512-dDrQTRHp5C1fTFzcSaMxjk6vdpKvT+2/mIdE07Gw2ykehT49O0z/VHS3zZ8iV/Gh8BJJKHWOe5RjaNrW5xf/GA==",
            "dev": true,
            "license": "MIT",
            "dependencies": {
                "esbuild": "^0.21.3",
                "postcss": "^8.4.41",
                "rollup": "^4.20.0"
            },
            "bin": {
                "vite": "bin/vite.js"
            },
            "engines": {
                "node": "^18.0.0 || >=20.0.0"
            },
            "funding": {
                "url": "https://github.com/vitejs/vite?sponsor=1"
            },
            "optionalDependencies": {
                "fsevents": "~2.3.3"
            },
            "peerDependencies": {
                "@types/node": "^18.0.0 || >=20.0.0",
                "less": "*",
                "lightningcss": "^1.21.0",
                "sass": "*",
                "sass-embedded": "*",
                "stylus": "*",
                "sugarss": "*",
                "terser": "^5.4.0"
            },
            "peerDependenciesMeta": {
                "@types/node": {
                    "optional": true
                },
                "less": {
                    "optional": true
                },
                "lightningcss": {
                    "optional": true
                },
                "sass": {
                    "optional": true
                },
                "sass-embedded": {
                    "optional": true
                },
                "stylus": {
                    "optional": true
                },
                "sugarss": {
                    "optional": true
                },
                "terser": {
                    "optional": true
                }
            }
        },
        "node_modules/vite-plugin-full-reload": {
            "version": "1.2.0",
            "dev": true,
            "license": "MIT",
            "dependencies": {
                "picocolors": "^1.0.0",
                "picomatch": "^2.3.1"
            }
        },
        "node_modules/vite-plugin-full-reload/node_modules/picomatch": {
            "version": "2.3.1",
            "dev": true,
            "license": "MIT",
            "engines": {
                "node": ">=8.6"
            },
            "funding": {
                "url": "https://github.com/sponsors/jonschlinkert"
            }
        }
    }
}
